// !$*UTF8*$!
{
	archiveVersion = 1;
	classes = {
	};
	objectVersion = 56;
	objects = {

/* Begin PBXBuildFile section */
		5920BD780C47176DA99FB34D /* libPods-SwiftMovieTests.a in Frameworks */ = {isa = PBXBuildFile; fileRef = 8B266E4D068783F43BDAAAF9 /* libPods-SwiftMovieTests.a */; };
		8763385C205D4E403C6A77B7 /* libPods-SwiftMovieUITests.a in Frameworks */ = {isa = PBXBuildFile; fileRef = CD12D83DC652D4842B9CA37E /* libPods-SwiftMovieUITests.a */; };
		8C01549E292B356D000B7EE1 /* AppDelegate.swift in Sources */ = {isa = PBXBuildFile; fileRef = 8C01549D292B356D000B7EE1 /* AppDelegate.swift */; };
		8C0154A7292B356E000B7EE1 /* Assets.xcassets in Resources */ = {isa = PBXBuildFile; fileRef = 8C0154A6292B356E000B7EE1 /* Assets.xcassets */; };
		8C0154AA292B356E000B7EE1 /* LaunchScreen.storyboard in Resources */ = {isa = PBXBuildFile; fileRef = 8C0154A8292B356E000B7EE1 /* LaunchScreen.storyboard */; };
		8C0154B5292B356F000B7EE1 /* SwiftMovieTests.swift in Sources */ = {isa = PBXBuildFile; fileRef = 8C0154B4292B356F000B7EE1 /* SwiftMovieTests.swift */; };
		8C0154BF292B356F000B7EE1 /* SwiftMovieUITests.swift in Sources */ = {isa = PBXBuildFile; fileRef = 8C0154BE292B356F000B7EE1 /* SwiftMovieUITests.swift */; };
		8C0154C1292B356F000B7EE1 /* SwiftMovieUITestsLaunchTests.swift in Sources */ = {isa = PBXBuildFile; fileRef = 8C0154C0292B356F000B7EE1 /* SwiftMovieUITestsLaunchTests.swift */; };
		8C0154D0292B55B2000B7EE1 /* MainViewController.swift in Sources */ = {isa = PBXBuildFile; fileRef = 8C0154CE292B55B2000B7EE1 /* MainViewController.swift */; };
		8C0154D1292B55B2000B7EE1 /* MainViewController.xib in Resources */ = {isa = PBXBuildFile; fileRef = 8C0154CF292B55B2000B7EE1 /* MainViewController.xib */; };
		8C0154DC292B5E94000B7EE1 /* MainViewController+TableView.swift in Sources */ = {isa = PBXBuildFile; fileRef = 8C0154DB292B5E94000B7EE1 /* MainViewController+TableView.swift */; };
		8C0154DE292B5FF8000B7EE1 /* MainViewModel.swift in Sources */ = {isa = PBXBuildFile; fileRef = 8C0154DD292B5FF8000B7EE1 /* MainViewModel.swift */; };
		8C8C4AE6292C85DA0042132F /* UIViewExtensions.swift in Sources */ = {isa = PBXBuildFile; fileRef = 8C8C4AE5292C85DA0042132F /* UIViewExtensions.swift */; };
		8C8C4AE8292C86830042132F /* MovieTableCellViewModel.swift in Sources */ = {isa = PBXBuildFile; fileRef = 8C8C4AE7292C86830042132F /* MovieTableCellViewModel.swift */; };
		8C8C4AEB292C88600042132F /* SDWebImage in Frameworks */ = {isa = PBXBuildFile; productRef = 8C8C4AEA292C88600042132F /* SDWebImage */; };
		8CC3B58D292B74EA0048FFE6 /* ApiClient.swift in Sources */ = {isa = PBXBuildFile; fileRef = 8CC3B58C292B74EA0048FFE6 /* ApiClient.swift */; };
		8CC3B593292B77830048FFE6 /* ApiService.swift in Sources */ = {isa = PBXBuildFile; fileRef = 8CC3B592292B77830048FFE6 /* ApiService.swift */; };
		8CC3B596292B78440048FFE6 /* Movies.swift in Sources */ = {isa = PBXBuildFile; fileRef = 8CC3B595292B78440048FFE6 /* Movies.swift */; };
		8CE53C52292C57F300675A25 /* Observable.swift in Sources */ = {isa = PBXBuildFile; fileRef = 8CE53C51292C57F300675A25 /* Observable.swift */; };
		8CE53C56292C819600675A25 /* MainMovieCell.swift in Sources */ = {isa = PBXBuildFile; fileRef = 8CE53C54292C819600675A25 /* MainMovieCell.swift */; };
		8CE53C57292C819600675A25 /* MainMovieCell.xib in Resources */ = {isa = PBXBuildFile; fileRef = 8CE53C55292C819600675A25 /* MainMovieCell.xib */; };
		8CEBEBB5292CA79300ED09CA /* DetailMovieViewController.swift in Sources */ = {isa = PBXBuildFile; fileRef = 8CEBEBB3292CA79300ED09CA /* DetailMovieViewController.swift */; };
		8CEBEBB6292CA79300ED09CA /* DetailMovieViewController.xib in Resources */ = {isa = PBXBuildFile; fileRef = 8CEBEBB4292CA79300ED09CA /* DetailMovieViewController.xib */; };
		8CEBEBB8292CAA0D00ED09CA /* DetailsMovieViewModel.swift in Sources */ = {isa = PBXBuildFile; fileRef = 8CEBEBB7292CAA0D00ED09CA /* DetailsMovieViewModel.swift */; };
		9B91099E19EC541BC02161E4 /* Pods_SwiftMovie.framework in Frameworks */ = {isa = PBXBuildFile; fileRef = 30B18836A561322652AE74CB /* Pods_SwiftMovie.framework */; };
/* End PBXBuildFile section */

/* Begin PBXContainerItemProxy section */
		8C0154B1292B356F000B7EE1 /* PBXContainerItemProxy */ = {
			isa = PBXContainerItemProxy;
			containerPortal = 8C015492292B356D000B7EE1 /* Project object */;
			proxyType = 1;
			remoteGlobalIDString = 8C015499292B356D000B7EE1;
			remoteInfo = SwiftMovie;
		};
		8C0154BB292B356F000B7EE1 /* PBXContainerItemProxy */ = {
			isa = PBXContainerItemProxy;
			containerPortal = 8C015492292B356D000B7EE1 /* Project object */;
			proxyType = 1;
			remoteGlobalIDString = 8C015499292B356D000B7EE1;
			remoteInfo = SwiftMovie;
		};
/* End PBXContainerItemProxy section */

/* Begin PBXFileReference section */
		05014160C8E92B727819641A /* Pods-SwiftMovie.release.xcconfig */ = {isa = PBXFileReference; includeInIndex = 1; lastKnownFileType = text.xcconfig; name = "Pods-SwiftMovie.release.xcconfig"; path = "Target Support Files/Pods-SwiftMovie/Pods-SwiftMovie.release.xcconfig"; sourceTree = "<group>"; };
		1E841CD22D54FEBBA7C377B7 /* Pods-SwiftMovie.debug.xcconfig */ = {isa = PBXFileReference; includeInIndex = 1; lastKnownFileType = text.xcconfig; name = "Pods-SwiftMovie.debug.xcconfig"; path = "Target Support Files/Pods-SwiftMovie/Pods-SwiftMovie.debug.xcconfig"; sourceTree = "<group>"; };
		254142A6526D9906E99927F0 /* Pods-SwiftMovieTests.release.xcconfig */ = {isa = PBXFileReference; includeInIndex = 1; lastKnownFileType = text.xcconfig; name = "Pods-SwiftMovieTests.release.xcconfig"; path = "Target Support Files/Pods-SwiftMovieTests/Pods-SwiftMovieTests.release.xcconfig"; sourceTree = "<group>"; };
		30B18836A561322652AE74CB /* Pods_SwiftMovie.framework */ = {isa = PBXFileReference; explicitFileType = wrapper.framework; includeInIndex = 0; path = Pods_SwiftMovie.framework; sourceTree = BUILT_PRODUCTS_DIR; };
		3D9B7ABBED6D025A4FFA9669 /* Pods-SwiftMovieTests.debug.xcconfig */ = {isa = PBXFileReference; includeInIndex = 1; lastKnownFileType = text.xcconfig; name = "Pods-SwiftMovieTests.debug.xcconfig"; path = "Target Support Files/Pods-SwiftMovieTests/Pods-SwiftMovieTests.debug.xcconfig"; sourceTree = "<group>"; };
		7495E1E4C670B8BF340BC93D /* Pods-SwiftMovieUITests.release.xcconfig */ = {isa = PBXFileReference; includeInIndex = 1; lastKnownFileType = text.xcconfig; name = "Pods-SwiftMovieUITests.release.xcconfig"; path = "Target Support Files/Pods-SwiftMovieUITests/Pods-SwiftMovieUITests.release.xcconfig"; sourceTree = "<group>"; };
		8B266E4D068783F43BDAAAF9 /* libPods-SwiftMovieTests.a */ = {isa = PBXFileReference; explicitFileType = archive.ar; includeInIndex = 0; path = "libPods-SwiftMovieTests.a"; sourceTree = BUILT_PRODUCTS_DIR; };
		8C01549A292B356D000B7EE1 /* SwiftMovie.app */ = {isa = PBXFileReference; explicitFileType = wrapper.application; includeInIndex = 0; path = SwiftMovie.app; sourceTree = BUILT_PRODUCTS_DIR; };
		8C01549D292B356D000B7EE1 /* AppDelegate.swift */ = {isa = PBXFileReference; lastKnownFileType = sourcecode.swift; path = AppDelegate.swift; sourceTree = "<group>"; };
		8C0154A6292B356E000B7EE1 /* Assets.xcassets */ = {isa = PBXFileReference; lastKnownFileType = folder.assetcatalog; path = Assets.xcassets; sourceTree = "<group>"; };
		8C0154A9292B356E000B7EE1 /* Base */ = {isa = PBXFileReference; lastKnownFileType = file.storyboard; name = Base; path = Base.lproj/LaunchScreen.storyboard; sourceTree = "<group>"; };
		8C0154AB292B356E000B7EE1 /* Info.plist */ = {isa = PBXFileReference; lastKnownFileType = text.plist.xml; path = Info.plist; sourceTree = "<group>"; };
		8C0154B0292B356F000B7EE1 /* SwiftMovieTests.xctest */ = {isa = PBXFileReference; explicitFileType = wrapper.cfbundle; includeInIndex = 0; path = SwiftMovieTests.xctest; sourceTree = BUILT_PRODUCTS_DIR; };
		8C0154B4292B356F000B7EE1 /* SwiftMovieTests.swift */ = {isa = PBXFileReference; lastKnownFileType = sourcecode.swift; path = SwiftMovieTests.swift; sourceTree = "<group>"; };
		8C0154BA292B356F000B7EE1 /* SwiftMovieUITests.xctest */ = {isa = PBXFileReference; explicitFileType = wrapper.cfbundle; includeInIndex = 0; path = SwiftMovieUITests.xctest; sourceTree = BUILT_PRODUCTS_DIR; };
		8C0154BE292B356F000B7EE1 /* SwiftMovieUITests.swift */ = {isa = PBXFileReference; lastKnownFileType = sourcecode.swift; path = SwiftMovieUITests.swift; sourceTree = "<group>"; };
		8C0154C0292B356F000B7EE1 /* SwiftMovieUITestsLaunchTests.swift */ = {isa = PBXFileReference; lastKnownFileType = sourcecode.swift; path = SwiftMovieUITestsLaunchTests.swift; sourceTree = "<group>"; };
		8C0154CE292B55B2000B7EE1 /* MainViewController.swift */ = {isa = PBXFileReference; lastKnownFileType = sourcecode.swift; path = MainViewController.swift; sourceTree = "<group>"; };
		8C0154CF292B55B2000B7EE1 /* MainViewController.xib */ = {isa = PBXFileReference; lastKnownFileType = file.xib; path = MainViewController.xib; sourceTree = "<group>"; };
		8C0154DB292B5E94000B7EE1 /* MainViewController+TableView.swift */ = {isa = PBXFileReference; lastKnownFileType = sourcecode.swift; path = "MainViewController+TableView.swift"; sourceTree = "<group>"; };
		8C0154DD292B5FF8000B7EE1 /* MainViewModel.swift */ = {isa = PBXFileReference; lastKnownFileType = sourcecode.swift; path = MainViewModel.swift; sourceTree = "<group>"; };
		8C8C4AE5292C85DA0042132F /* UIViewExtensions.swift */ = {isa = PBXFileReference; lastKnownFileType = sourcecode.swift; path = UIViewExtensions.swift; sourceTree = "<group>"; };
		8C8C4AE7292C86830042132F /* MovieTableCellViewModel.swift */ = {isa = PBXFileReference; lastKnownFileType = sourcecode.swift; path = MovieTableCellViewModel.swift; sourceTree = "<group>"; };
		8CC3B58C292B74EA0048FFE6 /* ApiClient.swift */ = {isa = PBXFileReference; lastKnownFileType = sourcecode.swift; path = ApiClient.swift; sourceTree = "<group>"; };
		8CC3B592292B77830048FFE6 /* ApiService.swift */ = {isa = PBXFileReference; lastKnownFileType = sourcecode.swift; path = ApiService.swift; sourceTree = "<group>"; };
		8CC3B595292B78440048FFE6 /* Movies.swift */ = {isa = PBXFileReference; lastKnownFileType = sourcecode.swift; path = Movies.swift; sourceTree = "<group>"; };
		8CE53C51292C57F300675A25 /* Observable.swift */ = {isa = PBXFileReference; lastKnownFileType = sourcecode.swift; path = Observable.swift; sourceTree = "<group>"; };
		8CE53C54292C819600675A25 /* MainMovieCell.swift */ = {isa = PBXFileReference; lastKnownFileType = sourcecode.swift; path = MainMovieCell.swift; sourceTree = "<group>"; };
		8CE53C55292C819600675A25 /* MainMovieCell.xib */ = {isa = PBXFileReference; lastKnownFileType = file.xib; path = MainMovieCell.xib; sourceTree = "<group>"; };
		8CEBEBB3292CA79300ED09CA /* DetailMovieViewController.swift */ = {isa = PBXFileReference; lastKnownFileType = sourcecode.swift; path = DetailMovieViewController.swift; sourceTree = "<group>"; };
		8CEBEBB4292CA79300ED09CA /* DetailMovieViewController.xib */ = {isa = PBXFileReference; lastKnownFileType = file.xib; path = DetailMovieViewController.xib; sourceTree = "<group>"; };
		8CEBEBB7292CAA0D00ED09CA /* DetailsMovieViewModel.swift */ = {isa = PBXFileReference; lastKnownFileType = sourcecode.swift; path = DetailsMovieViewModel.swift; sourceTree = "<group>"; };
		AFE1F4B3BBF257214F07A703 /* Pods-SwiftMovieUITests.debug.xcconfig */ = {isa = PBXFileReference; includeInIndex = 1; lastKnownFileType = text.xcconfig; name = "Pods-SwiftMovieUITests.debug.xcconfig"; path = "Target Support Files/Pods-SwiftMovieUITests/Pods-SwiftMovieUITests.debug.xcconfig"; sourceTree = "<group>"; };
		CD12D83DC652D4842B9CA37E /* libPods-SwiftMovieUITests.a */ = {isa = PBXFileReference; explicitFileType = archive.ar; includeInIndex = 0; path = "libPods-SwiftMovieUITests.a"; sourceTree = BUILT_PRODUCTS_DIR; };
/* End PBXFileReference section */

/* Begin PBXFrameworksBuildPhase section */
		8C015497292B356D000B7EE1 /* Frameworks */ = {
			isa = PBXFrameworksBuildPhase;
			buildActionMask = 2147483647;
			files = (
				8C8C4AEB292C88600042132F /* SDWebImage in Frameworks */,
				9B91099E19EC541BC02161E4 /* Pods_SwiftMovie.framework in Frameworks */,
			);
			runOnlyForDeploymentPostprocessing = 0;
		};
		8C0154AD292B356F000B7EE1 /* Frameworks */ = {
			isa = PBXFrameworksBuildPhase;
			buildActionMask = 2147483647;
			files = (
				5920BD780C47176DA99FB34D /* libPods-SwiftMovieTests.a in Frameworks */,
			);
			runOnlyForDeploymentPostprocessing = 0;
		};
		8C0154B7292B356F000B7EE1 /* Frameworks */ = {
			isa = PBXFrameworksBuildPhase;
			buildActionMask = 2147483647;
			files = (
				8763385C205D4E403C6A77B7 /* libPods-SwiftMovieUITests.a in Frameworks */,
			);
			runOnlyForDeploymentPostprocessing = 0;
		};
/* End PBXFrameworksBuildPhase section */

/* Begin PBXGroup section */
		8C015491292B356D000B7EE1 = {
			isa = PBXGroup;
			children = (
				8C01549C292B356D000B7EE1 /* SwiftMovie */,
				8C0154B3292B356F000B7EE1 /* SwiftMovieTests */,
				8C0154BD292B356F000B7EE1 /* SwiftMovieUITests */,
				8C01549B292B356D000B7EE1 /* Products */,
				C08F91E8CD2A3EAAB9E37345 /* Pods */,
				AA11310C605181F989A7492F /* Frameworks */,
			);
			sourceTree = "<group>";
		};
		8C01549B292B356D000B7EE1 /* Products */ = {
			isa = PBXGroup;
			children = (
				8C01549A292B356D000B7EE1 /* SwiftMovie.app */,
				8C0154B0292B356F000B7EE1 /* SwiftMovieTests.xctest */,
				8C0154BA292B356F000B7EE1 /* SwiftMovieUITests.xctest */,
			);
			name = Products;
			sourceTree = "<group>";
		};
		8C01549C292B356D000B7EE1 /* SwiftMovie */ = {
			isa = PBXGroup;
			children = (
				8CC3B58E292B75EF0048FFE6 /* Application */,
				8C0154DA292B5A1A000B7EE1 /* Data */,
				8C0154D8292B5A04000B7EE1 /* Extensions */,
				8C0154D7292B59E8000B7EE1 /* Resources */,
				8C0154D6292B59DC000B7EE1 /* Classes */,
				8C0154D5292B59D1000B7EE1 /* Presentation */,
				8C0154D4292B59C9000B7EE1 /* Domain */,
				8C0154D3292B59C2000B7EE1 /* ViewModel */,
				8C0154D2292B59B9000B7EE1 /* View */,
				8C01549D292B356D000B7EE1 /* AppDelegate.swift */,
				8C0154AB292B356E000B7EE1 /* Info.plist */,
			);
			path = SwiftMovie;
			sourceTree = "<group>";
		};
		8C0154B3292B356F000B7EE1 /* SwiftMovieTests */ = {
			isa = PBXGroup;
			children = (
				8C0154B4292B356F000B7EE1 /* SwiftMovieTests.swift */,
			);
			path = SwiftMovieTests;
			sourceTree = "<group>";
		};
		8C0154BD292B356F000B7EE1 /* SwiftMovieUITests */ = {
			isa = PBXGroup;
			children = (
				8C0154BE292B356F000B7EE1 /* SwiftMovieUITests.swift */,
				8C0154C0292B356F000B7EE1 /* SwiftMovieUITestsLaunchTests.swift */,
			);
			path = SwiftMovieUITests;
			sourceTree = "<group>";
		};
		8C0154CD292B5599000B7EE1 /* Main */ = {
			isa = PBXGroup;
			children = (
				8C0154CE292B55B2000B7EE1 /* MainViewController.swift */,
				8C0154CF292B55B2000B7EE1 /* MainViewController.xib */,
				8C0154DB292B5E94000B7EE1 /* MainViewController+TableView.swift */,
			);
			path = Main;
			sourceTree = "<group>";
		};
		8C0154D2292B59B9000B7EE1 /* View */ = {
			isa = PBXGroup;
			children = (
				8CE53C53292C816800675A25 /* MainMovieCell */,
				8C0154A8292B356E000B7EE1 /* LaunchScreen.storyboard */,
			);
			path = View;
			sourceTree = "<group>";
		};
		8C0154D3292B59C2000B7EE1 /* ViewModel */ = {
			isa = PBXGroup;
			children = (
				8C0154DD292B5FF8000B7EE1 /* MainViewModel.swift */,
				8C8C4AE7292C86830042132F /* MovieTableCellViewModel.swift */,
				8CEBEBB7292CAA0D00ED09CA /* DetailsMovieViewModel.swift */,
			);
			path = ViewModel;
			sourceTree = "<group>";
		};
		8C0154D4292B59C9000B7EE1 /* Domain */ = {
			isa = PBXGroup;
			children = (
				8CC3B594292B78270048FFE6 /* Entities */,
			);
			path = Domain;
			sourceTree = "<group>";
		};
		8C0154D5292B59D1000B7EE1 /* Presentation */ = {
			isa = PBXGroup;
			children = (
				8CEBEBB2292CA75600ED09CA /* DetailMovie */,
				8C0154CD292B5599000B7EE1 /* Main */,
			);
			path = Presentation;
			sourceTree = "<group>";
		};
		8C0154D6292B59DC000B7EE1 /* Classes */ = {
			isa = PBXGroup;
			children = (
				8CE53C51292C57F300675A25 /* Observable.swift */,
			);
			path = Classes;
			sourceTree = "<group>";
		};
		8C0154D7292B59E8000B7EE1 /* Resources */ = {
			isa = PBXGroup;
			children = (
				8C0154A6292B356E000B7EE1 /* Assets.xcassets */,
			);
			path = Resources;
			sourceTree = "<group>";
		};
		8C0154D8292B5A04000B7EE1 /* Extensions */ = {
			isa = PBXGroup;
			children = (
				8C8C4AE5292C85DA0042132F /* UIViewExtensions.swift */,
			);
			path = Extensions;
			sourceTree = "<group>";
		};
		8C0154DA292B5A1A000B7EE1 /* Data */ = {
			isa = PBXGroup;
			children = (
				8CC3B589292B749D0048FFE6 /* Network */,
				8CC3B588292B74970048FFE6 /* DataMapping */,
				8CC3B587292B748C0048FFE6 /* Repositories */,
			);
			path = Data;
			sourceTree = "<group>";
		};
		8CC3B587292B748C0048FFE6 /* Repositories */ = {
			isa = PBXGroup;
			children = (
			);
			path = Repositories;
			sourceTree = "<group>";
		};
		8CC3B588292B74970048FFE6 /* DataMapping */ = {
			isa = PBXGroup;
			children = (
			);
			path = DataMapping;
			sourceTree = "<group>";
		};
		8CC3B589292B749D0048FFE6 /* Network */ = {
			isa = PBXGroup;
			children = (
				8CC3B58C292B74EA0048FFE6 /* ApiClient.swift */,
				8CC3B592292B77830048FFE6 /* ApiService.swift */,
			);
			path = Network;
			sourceTree = "<group>";
		};
		8CC3B58E292B75EF0048FFE6 /* Application */ = {
			isa = PBXGroup;
			children = (
				8CC3B58F292B75F50048FFE6 /* Common */,
			);
			path = Application;
			sourceTree = "<group>";
		};
		8CC3B58F292B75F50048FFE6 /* Common */ = {
			isa = PBXGroup;
			children = (
			);
			path = Common;
			sourceTree = "<group>";
		};
		8CC3B594292B78270048FFE6 /* Entities */ = {
			isa = PBXGroup;
			children = (
				8CC3B595292B78440048FFE6 /* Movies.swift */,
			);
			path = Entities;
			sourceTree = "<group>";
		};
		8CE53C53292C816800675A25 /* MainMovieCell */ = {
			isa = PBXGroup;
			children = (
				8CE53C54292C819600675A25 /* MainMovieCell.swift */,
				8CE53C55292C819600675A25 /* MainMovieCell.xib */,
			);
			path = MainMovieCell;
			sourceTree = "<group>";
		};
		8CEBEBB2292CA75600ED09CA /* DetailMovie */ = {
			isa = PBXGroup;
			children = (
				8CEBEBB3292CA79300ED09CA /* DetailMovieViewController.swift */,
				8CEBEBB4292CA79300ED09CA /* DetailMovieViewController.xib */,
			);
			path = DetailMovie;
			sourceTree = "<group>";
		};
		AA11310C605181F989A7492F /* Frameworks */ = {
			isa = PBXGroup;
			children = (
				30B18836A561322652AE74CB /* Pods_SwiftMovie.framework */,
				8B266E4D068783F43BDAAAF9 /* libPods-SwiftMovieTests.a */,
				CD12D83DC652D4842B9CA37E /* libPods-SwiftMovieUITests.a */,
			);
			name = Frameworks;
			sourceTree = "<group>";
		};
		C08F91E8CD2A3EAAB9E37345 /* Pods */ = {
			isa = PBXGroup;
			children = (
				1E841CD22D54FEBBA7C377B7 /* Pods-SwiftMovie.debug.xcconfig */,
				05014160C8E92B727819641A /* Pods-SwiftMovie.release.xcconfig */,
				3D9B7ABBED6D025A4FFA9669 /* Pods-SwiftMovieTests.debug.xcconfig */,
				254142A6526D9906E99927F0 /* Pods-SwiftMovieTests.release.xcconfig */,
				AFE1F4B3BBF257214F07A703 /* Pods-SwiftMovieUITests.debug.xcconfig */,
				7495E1E4C670B8BF340BC93D /* Pods-SwiftMovieUITests.release.xcconfig */,
			);
			path = Pods;
			sourceTree = "<group>";
		};
/* End PBXGroup section */

/* Begin PBXNativeTarget section */
		8C015499292B356D000B7EE1 /* SwiftMovie */ = {
			isa = PBXNativeTarget;
			buildConfigurationList = 8C0154C4292B356F000B7EE1 /* Build configuration list for PBXNativeTarget "SwiftMovie" */;
			buildPhases = (
				DAF2ED0B4755141FAB3E29FD /* [CP] Check Pods Manifest.lock */,
				8C015496292B356D000B7EE1 /* Sources */,
				8C015497292B356D000B7EE1 /* Frameworks */,
				8C015498292B356D000B7EE1 /* Resources */,
				4EF16D824D6C4AA6AB8745C8 /* [CP] Embed Pods Frameworks */,
			);
			buildRules = (
			);
			dependencies = (
			);
			name = SwiftMovie;
			packageProductDependencies = (
				8C8C4AEA292C88600042132F /* SDWebImage */,
			);
			productName = SwiftMovie;
			productReference = 8C01549A292B356D000B7EE1 /* SwiftMovie.app */;
			productType = "com.apple.product-type.application";
		};
		8C0154AF292B356F000B7EE1 /* SwiftMovieTests */ = {
			isa = PBXNativeTarget;
			buildConfigurationList = 8C0154C7292B356F000B7EE1 /* Build configuration list for PBXNativeTarget "SwiftMovieTests" */;
			buildPhases = (
				D6BAAFA6B3C708280B40897B /* [CP] Check Pods Manifest.lock */,
				8C0154AC292B356F000B7EE1 /* Sources */,
				8C0154AD292B356F000B7EE1 /* Frameworks */,
				8C0154AE292B356F000B7EE1 /* Resources */,
			);
			buildRules = (
			);
			dependencies = (
				8C0154B2292B356F000B7EE1 /* PBXTargetDependency */,
			);
			name = SwiftMovieTests;
			productName = SwiftMovieTests;
			productReference = 8C0154B0292B356F000B7EE1 /* SwiftMovieTests.xctest */;
			productType = "com.apple.product-type.bundle.unit-test";
		};
		8C0154B9292B356F000B7EE1 /* SwiftMovieUITests */ = {
			isa = PBXNativeTarget;
			buildConfigurationList = 8C0154CA292B356F000B7EE1 /* Build configuration list for PBXNativeTarget "SwiftMovieUITests" */;
			buildPhases = (
				B1C8727E3A7B8E0CC25C2916 /* [CP] Check Pods Manifest.lock */,
				8C0154B6292B356F000B7EE1 /* Sources */,
				8C0154B7292B356F000B7EE1 /* Frameworks */,
				8C0154B8292B356F000B7EE1 /* Resources */,
			);
			buildRules = (
			);
			dependencies = (
				8C0154BC292B356F000B7EE1 /* PBXTargetDependency */,
			);
			name = SwiftMovieUITests;
			productName = SwiftMovieUITests;
			productReference = 8C0154BA292B356F000B7EE1 /* SwiftMovieUITests.xctest */;
			productType = "com.apple.product-type.bundle.ui-testing";
		};
/* End PBXNativeTarget section */

/* Begin PBXProject section */
		8C015492292B356D000B7EE1 /* Project object */ = {
			isa = PBXProject;
			attributes = {
				BuildIndependentTargetsInParallel = 1;
				LastSwiftUpdateCheck = 1400;
				LastUpgradeCheck = 1400;
				TargetAttributes = {
					8C015499292B356D000B7EE1 = {
						CreatedOnToolsVersion = 14.0;
					};
					8C0154AF292B356F000B7EE1 = {
						CreatedOnToolsVersion = 14.0;
						TestTargetID = 8C015499292B356D000B7EE1;
					};
					8C0154B9292B356F000B7EE1 = {
						CreatedOnToolsVersion = 14.0;
						TestTargetID = 8C015499292B356D000B7EE1;
					};
				};
			};
			buildConfigurationList = 8C015495292B356D000B7EE1 /* Build configuration list for PBXProject "SwiftMovie" */;
			compatibilityVersion = "Xcode 14.0";
			developmentRegion = en;
			hasScannedForEncodings = 0;
			knownRegions = (
				en,
				Base,
			);
			mainGroup = 8C015491292B356D000B7EE1;
			packageReferences = (
				8C8C4AE9292C88600042132F /* XCRemoteSwiftPackageReference "SDWebImage" */,
			);
			productRefGroup = 8C01549B292B356D000B7EE1 /* Products */;
			projectDirPath = "";
			projectRoot = "";
			targets = (
				8C015499292B356D000B7EE1 /* SwiftMovie */,
				8C0154AF292B356F000B7EE1 /* SwiftMovieTests */,
				8C0154B9292B356F000B7EE1 /* SwiftMovieUITests */,
			);
		};
/* End PBXProject section */

/* Begin PBXResourcesBuildPhase section */
		8C015498292B356D000B7EE1 /* Resources */ = {
			isa = PBXResourcesBuildPhase;
			buildActionMask = 2147483647;
			files = (
				8C0154AA292B356E000B7EE1 /* LaunchScreen.storyboard in Resources */,
				8CEBEBB6292CA79300ED09CA /* DetailMovieViewController.xib in Resources */,
				8C0154D1292B55B2000B7EE1 /* MainViewController.xib in Resources */,
				8C0154A7292B356E000B7EE1 /* Assets.xcassets in Resources */,
				8CE53C57292C819600675A25 /* MainMovieCell.xib in Resources */,
			);
			runOnlyForDeploymentPostprocessing = 0;
		};
		8C0154AE292B356F000B7EE1 /* Resources */ = {
			isa = PBXResourcesBuildPhase;
			buildActionMask = 2147483647;
			files = (
			);
			runOnlyForDeploymentPostprocessing = 0;
		};
		8C0154B8292B356F000B7EE1 /* Resources */ = {
			isa = PBXResourcesBuildPhase;
			buildActionMask = 2147483647;
			files = (
			);
			runOnlyForDeploymentPostprocessing = 0;
		};
/* End PBXResourcesBuildPhase section */

/* Begin PBXShellScriptBuildPhase section */
		4EF16D824D6C4AA6AB8745C8 /* [CP] Embed Pods Frameworks */ = {
			isa = PBXShellScriptBuildPhase;
			buildActionMask = 2147483647;
			files = (
			);
			inputFileListPaths = (
				"${PODS_ROOT}/Target Support Files/Pods-SwiftMovie/Pods-SwiftMovie-frameworks-${CONFIGURATION}-input-files.xcfilelist",
			);
			name = "[CP] Embed Pods Frameworks";
			outputFileListPaths = (
				"${PODS_ROOT}/Target Support Files/Pods-SwiftMovie/Pods-SwiftMovie-frameworks-${CONFIGURATION}-output-files.xcfilelist",
			);
			runOnlyForDeploymentPostprocessing = 0;
			shellPath = /bin/sh;
			shellScript = "\"${PODS_ROOT}/Target Support Files/Pods-SwiftMovie/Pods-SwiftMovie-frameworks.sh\"\n";
			showEnvVarsInLog = 0;
		};
		B1C8727E3A7B8E0CC25C2916 /* [CP] Check Pods Manifest.lock */ = {
			isa = PBXShellScriptBuildPhase;
			buildActionMask = 2147483647;
			files = (
			);
			inputFileListPaths = (
			);
			inputPaths = (
				"${PODS_PODFILE_DIR_PATH}/Podfile.lock",
				"${PODS_ROOT}/Manifest.lock",
			);
			name = "[CP] Check Pods Manifest.lock";
			outputFileListPaths = (
			);
			outputPaths = (
				"$(DERIVED_FILE_DIR)/Pods-SwiftMovieUITests-checkManifestLockResult.txt",
			);
			runOnlyForDeploymentPostprocessing = 0;
			shellPath = /bin/sh;
			shellScript = "diff \"${PODS_PODFILE_DIR_PATH}/Podfile.lock\" \"${PODS_ROOT}/Manifest.lock\" > /dev/null\nif [ $? != 0 ] ; then\n    # print error to STDERR\n    echo \"error: The sandbox is not in sync with the Podfile.lock. Run 'pod install' or update your CocoaPods installation.\" >&2\n    exit 1\nfi\n# This output is used by Xcode 'outputs' to avoid re-running this script phase.\necho \"SUCCESS\" > \"${SCRIPT_OUTPUT_FILE_0}\"\n";
			showEnvVarsInLog = 0;
		};
		D6BAAFA6B3C708280B40897B /* [CP] Check Pods Manifest.lock */ = {
			isa = PBXShellScriptBuildPhase;
			buildActionMask = 2147483647;
			files = (
			);
			inputFileListPaths = (
			);
			inputPaths = (
				"${PODS_PODFILE_DIR_PATH}/Podfile.lock",
				"${PODS_ROOT}/Manifest.lock",
			);
			name = "[CP] Check Pods Manifest.lock";
			outputFileListPaths = (
			);
			outputPaths = (
				"$(DERIVED_FILE_DIR)/Pods-SwiftMovieTests-checkManifestLockResult.txt",
			);
			runOnlyForDeploymentPostprocessing = 0;
			shellPath = /bin/sh;
			shellScript = "diff \"${PODS_PODFILE_DIR_PATH}/Podfile.lock\" \"${PODS_ROOT}/Manifest.lock\" > /dev/null\nif [ $? != 0 ] ; then\n    # print error to STDERR\n    echo \"error: The sandbox is not in sync with the Podfile.lock. Run 'pod install' or update your CocoaPods installation.\" >&2\n    exit 1\nfi\n# This output is used by Xcode 'outputs' to avoid re-running this script phase.\necho \"SUCCESS\" > \"${SCRIPT_OUTPUT_FILE_0}\"\n";
			showEnvVarsInLog = 0;
		};
		DAF2ED0B4755141FAB3E29FD /* [CP] Check Pods Manifest.lock */ = {
			isa = PBXShellScriptBuildPhase;
			buildActionMask = 2147483647;
			files = (
			);
			inputFileListPaths = (
			);
			inputPaths = (
				"${PODS_PODFILE_DIR_PATH}/Podfile.lock",
				"${PODS_ROOT}/Manifest.lock",
			);
			name = "[CP] Check Pods Manifest.lock";
			outputFileListPaths = (
			);
			outputPaths = (
				"$(DERIVED_FILE_DIR)/Pods-SwiftMovie-checkManifestLockResult.txt",
			);
			runOnlyForDeploymentPostprocessing = 0;
			shellPath = /bin/sh;
			shellScript = "diff \"${PODS_PODFILE_DIR_PATH}/Podfile.lock\" \"${PODS_ROOT}/Manifest.lock\" > /dev/null\nif [ $? != 0 ] ; then\n    # print error to STDERR\n    echo \"error: The sandbox is not in sync with the Podfile.lock. Run 'pod install' or update your CocoaPods installation.\" >&2\n    exit 1\nfi\n# This output is used by Xcode 'outputs' to avoid re-running this script phase.\necho \"SUCCESS\" > \"${SCRIPT_OUTPUT_FILE_0}\"\n";
			showEnvVarsInLog = 0;
		};
/* End PBXShellScriptBuildPhase section */

/* Begin PBXSourcesBuildPhase section */
		8C015496292B356D000B7EE1 /* Sources */ = {
			isa = PBXSourcesBuildPhase;
			buildActionMask = 2147483647;
			files = (
				8CE53C52292C57F300675A25 /* Observable.swift in Sources */,
				8CC3B596292B78440048FFE6 /* Movies.swift in Sources */,
				8C01549E292B356D000B7EE1 /* AppDelegate.swift in Sources */,
				8C0154DC292B5E94000B7EE1 /* MainViewController+TableView.swift in Sources */,
				8CEBEBB5292CA79300ED09CA /* DetailMovieViewController.swift in Sources */,
				8CC3B593292B77830048FFE6 /* ApiService.swift in Sources */,
				8C0154D0292B55B2000B7EE1 /* MainViewController.swift in Sources */,
				8C8C4AE6292C85DA0042132F /* UIViewExtensions.swift in Sources */,
				8C8C4AE8292C86830042132F /* MovieTableCellViewModel.swift in Sources */,
				8CE53C56292C819600675A25 /* MainMovieCell.swift in Sources */,
				8CEBEBB8292CAA0D00ED09CA /* DetailsMovieViewModel.swift in Sources */,
				8C0154DE292B5FF8000B7EE1 /* MainViewModel.swift in Sources */,
				8CC3B58D292B74EA0048FFE6 /* ApiClient.swift in Sources */,
			);
			runOnlyForDeploymentPostprocessing = 0;
		};
		8C0154AC292B356F000B7EE1 /* Sources */ = {
			isa = PBXSourcesBuildPhase;
			buildActionMask = 2147483647;
			files = (
				8C0154B5292B356F000B7EE1 /* SwiftMovieTests.swift in Sources */,
			);
			runOnlyForDeploymentPostprocessing = 0;
		};
		8C0154B6292B356F000B7EE1 /* Sources */ = {
			isa = PBXSourcesBuildPhase;
			buildActionMask = 2147483647;
			files = (
				8C0154BF292B356F000B7EE1 /* SwiftMovieUITests.swift in Sources */,
				8C0154C1292B356F000B7EE1 /* SwiftMovieUITestsLaunchTests.swift in Sources */,
			);
			runOnlyForDeploymentPostprocessing = 0;
		};
/* End PBXSourcesBuildPhase section */

/* Begin PBXTargetDependency section */
		8C0154B2292B356F000B7EE1 /* PBXTargetDependency */ = {
			isa = PBXTargetDependency;
			target = 8C015499292B356D000B7EE1 /* SwiftMovie */;
			targetProxy = 8C0154B1292B356F000B7EE1 /* PBXContainerItemProxy */;
		};
		8C0154BC292B356F000B7EE1 /* PBXTargetDependency */ = {
			isa = PBXTargetDependency;
			target = 8C015499292B356D000B7EE1 /* SwiftMovie */;
			targetProxy = 8C0154BB292B356F000B7EE1 /* PBXContainerItemProxy */;
		};
/* End PBXTargetDependency section */

/* Begin PBXVariantGroup section */
		8C0154A8292B356E000B7EE1 /* LaunchScreen.storyboard */ = {
			isa = PBXVariantGroup;
			children = (
				8C0154A9292B356E000B7EE1 /* Base */,
			);
			name = LaunchScreen.storyboard;
			sourceTree = "<group>";
		};
/* End PBXVariantGroup section */

/* Begin XCBuildConfiguration section */
		8C0154C2292B356F000B7EE1 /* Debug */ = {
			isa = XCBuildConfiguration;
			buildSettings = {
				ALWAYS_SEARCH_USER_PATHS = NO;
				CLANG_ANALYZER_NONNULL = YES;
				CLANG_ANALYZER_NUMBER_OBJECT_CONVERSION = YES_AGGRESSIVE;
				CLANG_CXX_LANGUAGE_STANDARD = "gnu++20";
				CLANG_ENABLE_MODULES = YES;
				CLANG_ENABLE_OBJC_ARC = YES;
				CLANG_ENABLE_OBJC_WEAK = YES;
				CLANG_WARN_BLOCK_CAPTURE_AUTORELEASING = YES;
				CLANG_WARN_BOOL_CONVERSION = YES;
				CLANG_WARN_COMMA = YES;
				CLANG_WARN_CONSTANT_CONVERSION = YES;
				CLANG_WARN_DEPRECATED_OBJC_IMPLEMENTATIONS = YES;
				CLANG_WARN_DIRECT_OBJC_ISA_USAGE = YES_ERROR;
				CLANG_WARN_DOCUMENTATION_COMMENTS = YES;
				CLANG_WARN_EMPTY_BODY = YES;
				CLANG_WARN_ENUM_CONVERSION = YES;
				CLANG_WARN_INFINITE_RECURSION = YES;
				CLANG_WARN_INT_CONVERSION = YES;
				CLANG_WARN_NON_LITERAL_NULL_CONVERSION = YES;
				CLANG_WARN_OBJC_IMPLICIT_RETAIN_SELF = YES;
				CLANG_WARN_OBJC_LITERAL_CONVERSION = YES;
				CLANG_WARN_OBJC_ROOT_CLASS = YES_ERROR;
				CLANG_WARN_QUOTED_INCLUDE_IN_FRAMEWORK_HEADER = YES;
				CLANG_WARN_RANGE_LOOP_ANALYSIS = YES;
				CLANG_WARN_STRICT_PROTOTYPES = YES;
				CLANG_WARN_SUSPICIOUS_MOVE = YES;
				CLANG_WARN_UNGUARDED_AVAILABILITY = YES_AGGRESSIVE;
				CLANG_WARN_UNREACHABLE_CODE = YES;
				CLANG_WARN__DUPLICATE_METHOD_MATCH = YES;
				COPY_PHASE_STRIP = NO;
				DEBUG_INFORMATION_FORMAT = dwarf;
				ENABLE_STRICT_OBJC_MSGSEND = YES;
				ENABLE_TESTABILITY = YES;
				GCC_C_LANGUAGE_STANDARD = gnu11;
				GCC_DYNAMIC_NO_PIC = NO;
				GCC_NO_COMMON_BLOCKS = YES;
				GCC_OPTIMIZATION_LEVEL = 0;
				GCC_PREPROCESSOR_DEFINITIONS = (
					"DEBUG=1",
					"$(inherited)",
				);
				GCC_WARN_64_TO_32_BIT_CONVERSION = YES;
				GCC_WARN_ABOUT_RETURN_TYPE = YES_ERROR;
				GCC_WARN_UNDECLARED_SELECTOR = YES;
				GCC_WARN_UNINITIALIZED_AUTOS = YES_AGGRESSIVE;
				GCC_WARN_UNUSED_FUNCTION = YES;
				GCC_WARN_UNUSED_VARIABLE = YES;
				IPHONEOS_DEPLOYMENT_TARGET = 16.0;
				MTL_ENABLE_DEBUG_INFO = INCLUDE_SOURCE;
				MTL_FAST_MATH = YES;
				ONLY_ACTIVE_ARCH = YES;
				SDKROOT = iphoneos;
				SWIFT_ACTIVE_COMPILATION_CONDITIONS = DEBUG;
				SWIFT_OPTIMIZATION_LEVEL = "-Onone";
			};
			name = Debug;
		};
		8C0154C3292B356F000B7EE1 /* Release */ = {
			isa = XCBuildConfiguration;
			buildSettings = {
				ALWAYS_SEARCH_USER_PATHS = NO;
				CLANG_ANALYZER_NONNULL = YES;
				CLANG_ANALYZER_NUMBER_OBJECT_CONVERSION = YES_AGGRESSIVE;
				CLANG_CXX_LANGUAGE_STANDARD = "gnu++20";
				CLANG_ENABLE_MODULES = YES;
				CLANG_ENABLE_OBJC_ARC = YES;
				CLANG_ENABLE_OBJC_WEAK = YES;
				CLANG_WARN_BLOCK_CAPTURE_AUTORELEASING = YES;
				CLANG_WARN_BOOL_CONVERSION = YES;
				CLANG_WARN_COMMA = YES;
				CLANG_WARN_CONSTANT_CONVERSION = YES;
				CLANG_WARN_DEPRECATED_OBJC_IMPLEMENTATIONS = YES;
				CLANG_WARN_DIRECT_OBJC_ISA_USAGE = YES_ERROR;
				CLANG_WARN_DOCUMENTATION_COMMENTS = YES;
				CLANG_WARN_EMPTY_BODY = YES;
				CLANG_WARN_ENUM_CONVERSION = YES;
				CLANG_WARN_INFINITE_RECURSION = YES;
				CLANG_WARN_INT_CONVERSION = YES;
				CLANG_WARN_NON_LITERAL_NULL_CONVERSION = YES;
				CLANG_WARN_OBJC_IMPLICIT_RETAIN_SELF = YES;
				CLANG_WARN_OBJC_LITERAL_CONVERSION = YES;
				CLANG_WARN_OBJC_ROOT_CLASS = YES_ERROR;
				CLANG_WARN_QUOTED_INCLUDE_IN_FRAMEWORK_HEADER = YES;
				CLANG_WARN_RANGE_LOOP_ANALYSIS = YES;
				CLANG_WARN_STRICT_PROTOTYPES = YES;
				CLANG_WARN_SUSPICIOUS_MOVE = YES;
				CLANG_WARN_UNGUARDED_AVAILABILITY = YES_AGGRESSIVE;
				CLANG_WARN_UNREACHABLE_CODE = YES;
				CLANG_WARN__DUPLICATE_METHOD_MATCH = YES;
				COPY_PHASE_STRIP = NO;
				DEBUG_INFORMATION_FORMAT = "dwarf-with-dsym";
				ENABLE_NS_ASSERTIONS = NO;
				ENABLE_STRICT_OBJC_MSGSEND = YES;
				GCC_C_LANGUAGE_STANDARD = gnu11;
				GCC_NO_COMMON_BLOCKS = YES;
				GCC_WARN_64_TO_32_BIT_CONVERSION = YES;
				GCC_WARN_ABOUT_RETURN_TYPE = YES_ERROR;
				GCC_WARN_UNDECLARED_SELECTOR = YES;
				GCC_WARN_UNINITIALIZED_AUTOS = YES_AGGRESSIVE;
				GCC_WARN_UNUSED_FUNCTION = YES;
				GCC_WARN_UNUSED_VARIABLE = YES;
				IPHONEOS_DEPLOYMENT_TARGET = 16.0;
				MTL_ENABLE_DEBUG_INFO = NO;
				MTL_FAST_MATH = YES;
				SDKROOT = iphoneos;
				SWIFT_COMPILATION_MODE = wholemodule;
				SWIFT_OPTIMIZATION_LEVEL = "-O";
				VALIDATE_PRODUCT = YES;
			};
			name = Release;
		};
		8C0154C5292B356F000B7EE1 /* Debug */ = {
			isa = XCBuildConfiguration;
			baseConfigurationReference = 1E841CD22D54FEBBA7C377B7 /* Pods-SwiftMovie.debug.xcconfig */;
			buildSettings = {
				ASSETCATALOG_COMPILER_APPICON_NAME = AppIcon;
				ASSETCATALOG_COMPILER_GLOBAL_ACCENT_COLOR_NAME = AccentColor;
				CODE_SIGN_STYLE = Automatic;
				CURRENT_PROJECT_VERSION = 1;
				DEVELOPMENT_TEAM = 2NSN4B4QL8;
				GENERATE_INFOPLIST_FILE = YES;
				INFOPLIST_FILE = SwiftMovie/Info.plist;
				INFOPLIST_KEY_UIApplicationSupportsIndirectInputEvents = YES;
				INFOPLIST_KEY_UILaunchStoryboardName = LaunchScreen;
				INFOPLIST_KEY_UISupportedInterfaceOrientations = UIInterfaceOrientationPortrait;
				IPHONEOS_DEPLOYMENT_TARGET = 14.1;
				LD_RUNPATH_SEARCH_PATHS = (
					"$(inherited)",
					"@executable_path/Frameworks",
				);
				MARKETING_VERSION = 1.0;
				PRODUCT_BUNDLE_IDENTIFIER = com.swift.eric.SwiftMovie;
				PRODUCT_NAME = "$(TARGET_NAME)";
				SWIFT_EMIT_LOC_STRINGS = YES;
				SWIFT_VERSION = 5.0;
				TARGETED_DEVICE_FAMILY = "1,2";
			};
			name = Debug;
		};
		8C0154C6292B356F000B7EE1 /* Release */ = {
			isa = XCBuildConfiguration;
			baseConfigurationReference = 05014160C8E92B727819641A /* Pods-SwiftMovie.release.xcconfig */;
			buildSettings = {
				ASSETCATALOG_COMPILER_APPICON_NAME = AppIcon;
				ASSETCATALOG_COMPILER_GLOBAL_ACCENT_COLOR_NAME = AccentColor;
				CODE_SIGN_STYLE = Automatic;
				CURRENT_PROJECT_VERSION = 1;
				DEVELOPMENT_TEAM = 2NSN4B4QL8;
				GENERATE_INFOPLIST_FILE = YES;
				INFOPLIST_FILE = SwiftMovie/Info.plist;
				INFOPLIST_KEY_UIApplicationSupportsIndirectInputEvents = YES;
				INFOPLIST_KEY_UILaunchStoryboardName = LaunchScreen;
				INFOPLIST_KEY_UISupportedInterfaceOrientations = UIInterfaceOrientationPortrait;
				IPHONEOS_DEPLOYMENT_TARGET = 14.1;
				LD_RUNPATH_SEARCH_PATHS = (
					"$(inherited)",
					"@executable_path/Frameworks",
				);
				MARKETING_VERSION = 1.0;
				PRODUCT_BUNDLE_IDENTIFIER = com.swift.eric.SwiftMovie;
				PRODUCT_NAME = "$(TARGET_NAME)";
				SWIFT_EMIT_LOC_STRINGS = YES;
				SWIFT_VERSION = 5.0;
				TARGETED_DEVICE_FAMILY = "1,2";
			};
			name = Release;
		};
		8C0154C8292B356F000B7EE1 /* Debug */ = {
			isa = XCBuildConfiguration;
			baseConfigurationReference = 3D9B7ABBED6D025A4FFA9669 /* Pods-SwiftMovieTests.debug.xcconfig */;
			buildSettings = {
				ALWAYS_EMBED_SWIFT_STANDARD_LIBRARIES = YES;
				BUNDLE_LOADER = "$(TEST_HOST)";
				CODE_SIGN_STYLE = Automatic;
				CURRENT_PROJECT_VERSION = 1;
				DEVELOPMENT_TEAM = 2NSN4B4QL8;
				GENERATE_INFOPLIST_FILE = YES;
				IPHONEOS_DEPLOYMENT_TARGET = 16.0;
				MARKETING_VERSION = 1.0;
				PRODUCT_BUNDLE_IDENTIFIER = com.swift.eric.SwiftMovieTests;
				PRODUCT_NAME = "$(TARGET_NAME)";
				SWIFT_EMIT_LOC_STRINGS = NO;
				SWIFT_VERSION = 5.0;
				TARGETED_DEVICE_FAMILY = "1,2";
				TEST_HOST = "$(BUILT_PRODUCTS_DIR)/SwiftMovie.app/$(BUNDLE_EXECUTABLE_FOLDER_PATH)/SwiftMovie";
			};
			name = Debug;
		};
		8C0154C9292B356F000B7EE1 /* Release */ = {
			isa = XCBuildConfiguration;
			baseConfigurationReference = 254142A6526D9906E99927F0 /* Pods-SwiftMovieTests.release.xcconfig */;
			buildSettings = {
				ALWAYS_EMBED_SWIFT_STANDARD_LIBRARIES = YES;
				BUNDLE_LOADER = "$(TEST_HOST)";
				CODE_SIGN_STYLE = Automatic;
				CURRENT_PROJECT_VERSION = 1;
				DEVELOPMENT_TEAM = 2NSN4B4QL8;
				GENERATE_INFOPLIST_FILE = YES;
				IPHONEOS_DEPLOYMENT_TARGET = 16.0;
				MARKETING_VERSION = 1.0;
				PRODUCT_BUNDLE_IDENTIFIER = com.swift.eric.SwiftMovieTests;
				PRODUCT_NAME = "$(TARGET_NAME)";
				SWIFT_EMIT_LOC_STRINGS = NO;
				SWIFT_VERSION = 5.0;
				TARGETED_DEVICE_FAMILY = "1,2";
				TEST_HOST = "$(BUILT_PRODUCTS_DIR)/SwiftMovie.app/$(BUNDLE_EXECUTABLE_FOLDER_PATH)/SwiftMovie";
			};
			name = Release;
		};
		8C0154CB292B356F000B7EE1 /* Debug */ = {
			isa = XCBuildConfiguration;
			baseConfigurationReference = AFE1F4B3BBF257214F07A703 /* Pods-SwiftMovieUITests.debug.xcconfig */;
			buildSettings = {
				ALWAYS_EMBED_SWIFT_STANDARD_LIBRARIES = YES;
				CODE_SIGN_STYLE = Automatic;
				CURRENT_PROJECT_VERSION = 1;
				DEVELOPMENT_TEAM = 2NSN4B4QL8;
				GENERATE_INFOPLIST_FILE = YES;
				MARKETING_VERSION = 1.0;
				PRODUCT_BUNDLE_IDENTIFIER = com.swift.eric.SwiftMovieUITests;
				PRODUCT_NAME = "$(TARGET_NAME)";
				SWIFT_EMIT_LOC_STRINGS = NO;
				SWIFT_VERSION = 5.0;
				TARGETED_DEVICE_FAMILY = "1,2";
				TEST_TARGET_NAME = SwiftMovie;
			};
			name = Debug;
		};
		8C0154CC292B356F000B7EE1 /* Release */ = {
			isa = XCBuildConfiguration;
			baseConfigurationReference = 7495E1E4C670B8BF340BC93D /* Pods-SwiftMovieUITests.release.xcconfig */;
			buildSettings = {
				ALWAYS_EMBED_SWIFT_STANDARD_LIBRARIES = YES;
				CODE_SIGN_STYLE = Automatic;
				CURRENT_PROJECT_VERSION = 1;
				DEVELOPMENT_TEAM = 2NSN4B4QL8;
				GENERATE_INFOPLIST_FILE = YES;
				MARKETING_VERSION = 1.0;
				PRODUCT_BUNDLE_IDENTIFIER = com.swift.eric.SwiftMovieUITests;
				PRODUCT_NAME = "$(TARGET_NAME)";
				SWIFT_EMIT_LOC_STRINGS = NO;
				SWIFT_VERSION = 5.0;
				TARGETED_DEVICE_FAMILY = "1,2";
				TEST_TARGET_NAME = SwiftMovie;
			};
			name = Release;
		};
/* End XCBuildConfiguration section */

/* Begin XCConfigurationList section */
		8C015495292B356D000B7EE1 /* Build configuration list for PBXProject "SwiftMovie" */ = {
			isa = XCConfigurationList;
			buildConfigurations = (
				8C0154C2292B356F000B7EE1 /* Debug */,
				8C0154C3292B356F000B7EE1 /* Release */,
			);
			defaultConfigurationIsVisible = 0;
			defaultConfigurationName = Release;
		};
		8C0154C4292B356F000B7EE1 /* Build configuration list for PBXNativeTarget "SwiftMovie" */ = {
			isa = XCConfigurationList;
			buildConfigurations = (
				8C0154C5292B356F000B7EE1 /* Debug */,
				8C0154C6292B356F000B7EE1 /* Release */,
			);
			defaultConfigurationIsVisible = 0;
			defaultConfigurationName = Release;
		};
		8C0154C7292B356F000B7EE1 /* Build configuration list for PBXNativeTarget "SwiftMovieTests" */ = {
			isa = XCConfigurationList;
			buildConfigurations = (
				8C0154C8292B356F000B7EE1 /* Debug */,
				8C0154C9292B356F000B7EE1 /* Release */,
			);
			defaultConfigurationIsVisible = 0;
			defaultConfigurationName = Release;
		};
		8C0154CA292B356F000B7EE1 /* Build configuration list for PBXNativeTarget "SwiftMovieUITests" */ = {
			isa = XCConfigurationList;
			buildConfigurations = (
				8C0154CB292B356F000B7EE1 /* Debug */,
				8C0154CC292B356F000B7EE1 /* Release */,
			);
			defaultConfigurationIsVisible = 0;
			defaultConfigurationName = Release;
		};
/* End XCConfigurationList section */

/* Begin XCRemoteSwiftPackageReference section */
		8C8C4AE9292C88600042132F /* XCRemoteSwiftPackageReference "SDWebImage" */ = {
			isa = XCRemoteSwiftPackageReference;
			repositoryURL = "https://github.com/SDWebImage/SDWebImage";
			requirement = {
				kind = upToNextMajorVersion;
				minimumVersion = 5.0.0;
			};
		};
/* End XCRemoteSwiftPackageReference section */

/* Begin XCSwiftPackageProductDependency section */
		8C8C4AEA292C88600042132F /* SDWebImage */ = {
			isa = XCSwiftPackageProductDependency;
			package = 8C8C4AE9292C88600042132F /* XCRemoteSwiftPackageReference "SDWebImage" */;
			productName = SDWebImage;
		};
/* End XCSwiftPackageProductDependency section */
	};
	rootObject = 8C015492292B356D000B7EE1 /* Project object */;
}
